{
  "version": 4,
  "terraform_version": "1.14.6",
  "serial": 2,
  "lineage": "3ef39893-cb21-f789-b03d-08a58efcc4cd",
  "outputs": {
    "resource_group_name": {
      "value": "rg-soc-proyecto",
      "type": "string"
    }
  },
  "resources": [
    {
      "mode": "managed",
      "type": "azurerm_resource_group",
      "name": "soc_rg",
      "provider": "provider[\"registry.terraform.io/hashicorp/azurerm\"]",
      "instances": [
        {
          "schema_version": 0,
          "attributes": {
            "id": "/subscriptions/b1fca3a5-29b1-49e6-b2dd-6f9cb5dbbc2f/resourceGroups/rg-soc-proyecto",
            "location": "westeurope",
            "managed_by": "",
            "name": "rg-soc-proyecto",
            "tags": {},
            "timeouts": null
          },
          "sensitive_attributes": [],
          "identity_schema_version": 0,
          "identity": {
            "name": "rg-soc-proyecto",
            "subscription_id": "b1fca3a5-29b1-49e6-b2dd-6f9cb5dbbc2f"
          },
          "private": "eyJlMmJmYjczMC1lY2FhLTExZTYtOGY4OC0zNDM2M2JjN2M0YzAiOnsiY3JlYXRlIjo1NDAwMDAwMDAwMDAwLCJkZWxldGUiOjU0MDAwMDAwMDAwMDAsInJlYWQiOjMwMDAwMDAwMDAwMCwidXBkYXRlIjo1NDAwMDAwMDAwMDAwfSwic2NoZW1hX3ZlcnNpb24iOiIwIn0="
        }
      ]
    }
  ],
  "check_results": null
}
